
Microsoft Visual Studio Solution File, Format Version 12.00
# Visual Studio Version 17
VisualStudioVersion = 17.0.32112.339
MinimumVisualStudioVersion = 10.0.40219.1
Project("{FAE04EC0-301F-11D3-BF4B-00C04F79EFBC}") = "CovidDataPortalApi", "CovidDataPortalApi\CovidDataPortalApi.csproj", "{6DEE303B-CBD4-4EDC-BD3B-5CD6CC2368FF}"
EndProject
Global
	GlobalSection(SolutionConfigurationPlatforms) = preSolution
		Debug|Any CPU = Debug|Any CPU
		Release|Any CPU = Release|Any CPU
	EndGlobalSection
	GlobalSection(ProjectConfigurationPlatforms) = postSolution
		{6DEE303B-CBD4-4EDC-BD3B-5CD6CC2368FF}.Debug|Any CPU.ActiveCfg = Debug|Any CPU
		{6DEE303B-CBD4-4EDC-BD3B-5CD6CC2368FF}.Debug|Any CPU.Build.0 = Debug|Any CPU
		{6DEE303B-CBD4-4EDC-BD3B-5CD6CC2368FF}.Release|Any CPU.ActiveCfg = Release|Any CPU
		{6DEE303B-CBD4-4EDC-BD3B-5CD6CC2368FF}.Release|Any CPU.Build.0 = Release|Any CPU
	EndGlobalSection
	GlobalSection(SolutionProperties) = preSolution
		HideSolutionNode = FALSE
	EndGlobalSection
	GlobalSection(ExtensibilityGlobals) = postSolution
		SolutionGuid = {E892B1B9-12D6-4721-AFC3-C171FBBA974B}
	EndGlobalSection
EndGlobal
